
Microsoft Visual Studio Solution File, Format Version 12.00
# Visual Studio Version 16
VisualStudioVersion = 16.0.30523.141
MinimumVisualStudioVersion = 10.0.40219.1
Project("{8BC9CEB8-8B4A-11D0-8D11-00A0C91BC942}") = "CalculatorProj", "CalculatorProj.vcxproj", "{FE07D877-212B-46B8-850E-7FA04818A0F0}"
EndProject
Global
	GlobalSection(SolutionConfigurationPlatforms) = preSolution
		Debug|x64 = Debug|x64
		Release|x64 = Release|x64
	EndGlobalSection
	GlobalSection(ProjectConfigurationPlatforms) = postSolution
		{FE07D877-212B-46B8-850E-7FA04818A0F0}.Debug|x64.ActiveCfg = Debug|x64
		{FE07D877-212B-46B8-850E-7FA04818A0F0}.Debug|x64.Build.0 = Debug|x64
		{FE07D877-212B-46B8-850E-7FA04818A0F0}.Release|x64.ActiveCfg = Release|x64
		{FE07D877-212B-46B8-850E-7FA04818A0F0}.Release|x64.Build.0 = Release|x64
	EndGlobalSection
	GlobalSection(SolutionProperties) = preSolution
		HideSolutionNode = FALSE
	EndGlobalSection
	GlobalSection(ExtensibilityGlobals) = postSolution
		SolutionGuid = {17FACA3B-C33A-48D0-8AD0-F9835E4278B8}
	EndGlobalSection
EndGlobal
